{
  "nodes": {
    "nixpkgs": {
      "locked": {
        "lastModified": 1627128856,
        "narHash": "sha256-yw3lA8zyNFhj309lmxvNByEEymRT1rRy5oE+jEPnsP4=",
        "path": "/nix/store/3iw3gnv08yaz0v5qjhmv6g4dlj7pirfz-source",
        "rev": "dd14e5d78e90a2ccd6007e569820de9b4861a6c2",
        "type": "path"
      },
      "original": {
        "owner": "NixOS",
        "repo": "nixpkgs",
        "type": "github"
      }
    },
    "root": {
      "inputs": {
        "nixpkgs": "nixpkgs",
        "wat": "wat"
      }
    },
    "wat": {
      "inputs": {
        "nixpkgs": [
          "nixpkgs"
        ]
      },
      "locked": {
        "host": "git.c3pb.de",
        "lastModified": 1629330910,
        "narHash": "sha256-O13x9/kz2E3ouMBitbgLxtLJGiMnwoNBs211YqdsFrk=",
        "owner": "beini",
        "repo": "wat",
        "rev": "04cfba3c904276a49de8ef5ff231b168af182a7d",
        "type": "gitlab"
      },
      "original": {
        "host": "git.c3pb.de",
        "owner": "beini",
        "repo": "wat",
        "type": "gitlab"
      }
    }
  },
  "root": "root",
  "version": 7
}
